
Microsoft Visual Studio Solution File, Format Version 12.00
# Visual Studio Version 17
VisualStudioVersion = 17.3.32922.545
MinimumVisualStudioVersion = 10.0.40219.1
Project("{2150E333-8FDC-42A3-9474-1A3956D46DE8}") = "Orj", "Orj", "{8AE7B7F8-E052-46E3-8F9C-62458A76B37E}"
EndProject
Project("{2150E333-8FDC-42A3-9474-1A3956D46DE8}") = "Net7", "Net7", "{BF526604-3FCC-4DA9-AE4C-7B154D7C6C18}"
EndProject
Project("{2150E333-8FDC-42A3-9474-1A3956D46DE8}") = "NetMvc", "NetMvc", "{99138BCB-3EE2-459B-93E0-59C36AC393B8}"
EndProject
Project("{9A19103F-16F7-4668-BE54-9A1E7A4F7556}") = "WFE.Core.DAO", "NET7\WFE.Core.DAO\WFE.Core.DAO.csproj", "{5AEFF64C-008C-424A-991E-569A6A21A395}"
EndProject
Project("{9A19103F-16F7-4668-BE54-9A1E7A4F7556}") = "WFE.Core.DTO", "NET7\WFE.Core.DTO\WFE.Core.DTO.csproj", "{480D8BC1-3D47-40C2-9BF3-3D8F508EBAAF}"
EndProject
Project("{9A19103F-16F7-4668-BE54-9A1E7A4F7556}") = "WFE.Core.Migration", "NET7\WFE.Core.Migration\WFE.Core.Migration.csproj", "{98CEA4A0-D240-451D-BE70-9F3985979207}"
EndProject
Project("{9A19103F-16F7-4668-BE54-9A1E7A4F7556}") = "WFE.Core.Services", "NET7\WFE.Core.Services\WFE.Core.Services.csproj", "{604D357E-CEDC-4A0C-B7F9-43D69B9C5E92}"
EndProject
Project("{9A19103F-16F7-4668-BE54-9A1E7A4F7556}") = "WFE.Core.Services.Abstract", "NET7\WFE.Core.Services.Abstract\WFE.Core.Services.Abstract.csproj", "{959F354F-4D79-4C80-98E9-1619E3F27361}"
EndProject
Project("{9A19103F-16F7-4668-BE54-9A1E7A4F7556}") = "WFE.Core.Web", "NET7\WFE.Core.Web\WFE.Core.Web.csproj", "{8AD373EF-B81B-4551-AF2B-921B434A268B}"
EndProject
Project("{FAE04EC0-301F-11D3-BF4B-00C04F79EFBC}") = "WorkflowManager.Common.DAO", "NetMvc\WorkflowManager.Common.DAO\WorkflowManager.Common.DAO.csproj", "{B3CDB2C8-7AB7-4092-8E48-3D7EF5937CAB}"
EndProject
Project("{FAE04EC0-301F-11D3-BF4B-00C04F79EFBC}") = "WorkflowManager.Common.Dto", "NetMvc\WorkflowManager.Common.Dto\WorkflowManager.Common.Dto.csproj", "{BD0CEC4E-2CAC-466E-AD3E-7B200ACC13A0}"
EndProject
Project("{FAE04EC0-301F-11D3-BF4B-00C04F79EFBC}") = "WorkflowManager.Common.EF6", "NetMvc\WorkflowManager.Common.EF6\WorkflowManager.Common.EF6.csproj", "{CA7561E6-28A3-4450-A297-BBE8272D1446}"
EndProject
Project("{FAE04EC0-301F-11D3-BF4B-00C04F79EFBC}") = "WorkflowManager.Services.Abstract", "NetMvc\WorkflowManager.Services.Abstract\WorkflowManager.Services.Abstract.csproj", "{91FDA24A-D5DB-49E0-97A1-0C54A5F1D7FD}"
EndProject
Project("{FAE04EC0-301F-11D3-BF4B-00C04F79EFBC}") = "WorkFlowManager.Services", "NetMvc\WorkFlowManager.Services\WorkFlowManager.Services.csproj", "{40A870B8-9178-4CAB-9AD0-039FBB39A072}"
EndProject
Project("{FAE04EC0-301F-11D3-BF4B-00C04F79EFBC}") = "WorkFlowManager.Web", "NetMvc\WorkFlowManager.Web\WorkFlowManager.Web.csproj", "{6E9AB0AE-EADC-4C6B-BFE3-404E1F0BAF3E}"
EndProject
Project("{FAE04EC0-301F-11D3-BF4B-00C04F79EFBC}") = "WorkFlowManager.Common", "Orj\WorkFlowManager.Common\WorkFlowManager.Common.csproj", "{619910D1-5409-4798-A643-03FD8270E01C}"
EndProject
Project("{FAE04EC0-301F-11D3-BF4B-00C04F79EFBC}") = "WorkFlowManager.Services", "Orj\WorkFlowManager.Services\WorkFlowManager.Services.csproj", "{DD8723A1-4809-46E1-8913-990D23826C9B}"
EndProject
Project("{FAE04EC0-301F-11D3-BF4B-00C04F79EFBC}") = "WorkFlowManager.Web", "Orj\WorkFlowManager.Web\WorkFlowManager.Web.csproj", "{8BB95A29-59FF-4C4B-ADC8-3C338F18E86C}"
EndProject
Global
	GlobalSection(SolutionConfigurationPlatforms) = preSolution
		Debug|Any CPU = Debug|Any CPU
		Release|Any CPU = Release|Any CPU
	EndGlobalSection
	GlobalSection(ProjectConfigurationPlatforms) = postSolution
		{5AEFF64C-008C-424A-991E-569A6A21A395}.Debug|Any CPU.ActiveCfg = Debug|Any CPU
		{5AEFF64C-008C-424A-991E-569A6A21A395}.Debug|Any CPU.Build.0 = Debug|Any CPU
		{5AEFF64C-008C-424A-991E-569A6A21A395}.Release|Any CPU.ActiveCfg = Release|Any CPU
		{5AEFF64C-008C-424A-991E-569A6A21A395}.Release|Any CPU.Build.0 = Release|Any CPU
		{480D8BC1-3D47-40C2-9BF3-3D8F508EBAAF}.Debug|Any CPU.ActiveCfg = Debug|Any CPU
		{480D8BC1-3D47-40C2-9BF3-3D8F508EBAAF}.Debug|Any CPU.Build.0 = Debug|Any CPU
		{480D8BC1-3D47-40C2-9BF3-3D8F508EBAAF}.Release|Any CPU.ActiveCfg = Release|Any CPU
		{480D8BC1-3D47-40C2-9BF3-3D8F508EBAAF}.Release|Any CPU.Build.0 = Release|Any CPU
		{98CEA4A0-D240-451D-BE70-9F3985979207}.Debug|Any CPU.ActiveCfg = Debug|Any CPU
		{98CEA4A0-D240-451D-BE70-9F3985979207}.Debug|Any CPU.Build.0 = Debug|Any CPU
		{98CEA4A0-D240-451D-BE70-9F3985979207}.Release|Any CPU.ActiveCfg = Release|Any CPU
		{98CEA4A0-D240-451D-BE70-9F3985979207}.Release|Any CPU.Build.0 = Release|Any CPU
		{604D357E-CEDC-4A0C-B7F9-43D69B9C5E92}.Debug|Any CPU.ActiveCfg = Debug|Any CPU
		{604D357E-CEDC-4A0C-B7F9-43D69B9C5E92}.Debug|Any CPU.Build.0 = Debug|Any CPU
		{604D357E-CEDC-4A0C-B7F9-43D69B9C5E92}.Release|Any CPU.ActiveCfg = Release|Any CPU
		{604D357E-CEDC-4A0C-B7F9-43D69B9C5E92}.Release|Any CPU.Build.0 = Release|Any CPU
		{959F354F-4D79-4C80-98E9-1619E3F27361}.Debug|Any CPU.ActiveCfg = Debug|Any CPU
		{959F354F-4D79-4C80-98E9-1619E3F27361}.Debug|Any CPU.Build.0 = Debug|Any CPU
		{959F354F-4D79-4C80-98E9-1619E3F27361}.Release|Any CPU.ActiveCfg = Release|Any CPU
		{959F354F-4D79-4C80-98E9-1619E3F27361}.Release|Any CPU.Build.0 = Release|Any CPU
		{8AD373EF-B81B-4551-AF2B-921B434A268B}.Debug|Any CPU.ActiveCfg = Debug|Any CPU
		{8AD373EF-B81B-4551-AF2B-921B434A268B}.Debug|Any CPU.Build.0 = Debug|Any CPU
		{8AD373EF-B81B-4551-AF2B-921B434A268B}.Release|Any CPU.ActiveCfg = Release|Any CPU
		{8AD373EF-B81B-4551-AF2B-921B434A268B}.Release|Any CPU.Build.0 = Release|Any CPU
		{B3CDB2C8-7AB7-4092-8E48-3D7EF5937CAB}.Debug|Any CPU.ActiveCfg = Debug|Any CPU
		{B3CDB2C8-7AB7-4092-8E48-3D7EF5937CAB}.Debug|Any CPU.Build.0 = Debug|Any CPU
		{B3CDB2C8-7AB7-4092-8E48-3D7EF5937CAB}.Release|Any CPU.ActiveCfg = Release|Any CPU
		{B3CDB2C8-7AB7-4092-8E48-3D7EF5937CAB}.Release|Any CPU.Build.0 = Release|Any CPU
		{BD0CEC4E-2CAC-466E-AD3E-7B200ACC13A0}.Debug|Any CPU.ActiveCfg = Debug|Any CPU
		{BD0CEC4E-2CAC-466E-AD3E-7B200ACC13A0}.Debug|Any CPU.Build.0 = Debug|Any CPU
		{BD0CEC4E-2CAC-466E-AD3E-7B200ACC13A0}.Release|Any CPU.ActiveCfg = Release|Any CPU
		{BD0CEC4E-2CAC-466E-AD3E-7B200ACC13A0}.Release|Any CPU.Build.0 = Release|Any CPU
		{CA7561E6-28A3-4450-A297-BBE8272D1446}.Debug|Any CPU.ActiveCfg = Debug|Any CPU
		{CA7561E6-28A3-4450-A297-BBE8272D1446}.Debug|Any CPU.Build.0 = Debug|Any CPU
		{CA7561E6-28A3-4450-A297-BBE8272D1446}.Release|Any CPU.ActiveCfg = Release|Any CPU
		{CA7561E6-28A3-4450-A297-BBE8272D1446}.Release|Any CPU.Build.0 = Release|Any CPU
		{91FDA24A-D5DB-49E0-97A1-0C54A5F1D7FD}.Debug|Any CPU.ActiveCfg = Debug|Any CPU
		{91FDA24A-D5DB-49E0-97A1-0C54A5F1D7FD}.Debug|Any CPU.Build.0 = Debug|Any CPU
		{91FDA24A-D5DB-49E0-97A1-0C54A5F1D7FD}.Release|Any CPU.ActiveCfg = Release|Any CPU
		{91FDA24A-D5DB-49E0-97A1-0C54A5F1D7FD}.Release|Any CPU.Build.0 = Release|Any CPU
		{40A870B8-9178-4CAB-9AD0-039FBB39A072}.Debug|Any CPU.ActiveCfg = Debug|Any CPU
		{40A870B8-9178-4CAB-9AD0-039FBB39A072}.Debug|Any CPU.Build.0 = Debug|Any CPU
		{40A870B8-9178-4CAB-9AD0-039FBB39A072}.Release|Any CPU.ActiveCfg = Release|Any CPU
		{40A870B8-9178-4CAB-9AD0-039FBB39A072}.Release|Any CPU.Build.0 = Release|Any CPU
		{6E9AB0AE-EADC-4C6B-BFE3-404E1F0BAF3E}.Debug|Any CPU.ActiveCfg = Debug|Any CPU
		{6E9AB0AE-EADC-4C6B-BFE3-404E1F0BAF3E}.Debug|Any CPU.Build.0 = Debug|Any CPU
		{6E9AB0AE-EADC-4C6B-BFE3-404E1F0BAF3E}.Release|Any CPU.ActiveCfg = Release|Any CPU
		{6E9AB0AE-EADC-4C6B-BFE3-404E1F0BAF3E}.Release|Any CPU.Build.0 = Release|Any CPU
		{619910D1-5409-4798-A643-03FD8270E01C}.Debug|Any CPU.ActiveCfg = Debug|Any CPU
		{619910D1-5409-4798-A643-03FD8270E01C}.Debug|Any CPU.Build.0 = Debug|Any CPU
		{619910D1-5409-4798-A643-03FD8270E01C}.Release|Any CPU.ActiveCfg = Release|Any CPU
		{619910D1-5409-4798-A643-03FD8270E01C}.Release|Any CPU.Build.0 = Release|Any CPU
		{DD8723A1-4809-46E1-8913-990D23826C9B}.Debug|Any CPU.ActiveCfg = Debug|Any CPU
		{DD8723A1-4809-46E1-8913-990D23826C9B}.Debug|Any CPU.Build.0 = Debug|Any CPU
		{DD8723A1-4809-46E1-8913-990D23826C9B}.Release|Any CPU.ActiveCfg = Release|Any CPU
		{DD8723A1-4809-46E1-8913-990D23826C9B}.Release|Any CPU.Build.0 = Release|Any CPU
		{8BB95A29-59FF-4C4B-ADC8-3C338F18E86C}.Debug|Any CPU.ActiveCfg = Debug|Any CPU
		{8BB95A29-59FF-4C4B-ADC8-3C338F18E86C}.Debug|Any CPU.Build.0 = Debug|Any CPU
		{8BB95A29-59FF-4C4B-ADC8-3C338F18E86C}.Release|Any CPU.ActiveCfg = Release|Any CPU
		{8BB95A29-59FF-4C4B-ADC8-3C338F18E86C}.Release|Any CPU.Build.0 = Release|Any CPU
	EndGlobalSection
	GlobalSection(SolutionProperties) = preSolution
		HideSolutionNode = FALSE
	EndGlobalSection
	GlobalSection(NestedProjects) = preSolution
		{5AEFF64C-008C-424A-991E-569A6A21A395} = {BF526604-3FCC-4DA9-AE4C-7B154D7C6C18}
		{480D8BC1-3D47-40C2-9BF3-3D8F508EBAAF} = {BF526604-3FCC-4DA9-AE4C-7B154D7C6C18}
		{98CEA4A0-D240-451D-BE70-9F3985979207} = {BF526604-3FCC-4DA9-AE4C-7B154D7C6C18}
		{604D357E-CEDC-4A0C-B7F9-43D69B9C5E92} = {BF526604-3FCC-4DA9-AE4C-7B154D7C6C18}
		{959F354F-4D79-4C80-98E9-1619E3F27361} = {BF526604-3FCC-4DA9-AE4C-7B154D7C6C18}
		{8AD373EF-B81B-4551-AF2B-921B434A268B} = {BF526604-3FCC-4DA9-AE4C-7B154D7C6C18}
		{B3CDB2C8-7AB7-4092-8E48-3D7EF5937CAB} = {99138BCB-3EE2-459B-93E0-59C36AC393B8}
		{BD0CEC4E-2CAC-466E-AD3E-7B200ACC13A0} = {99138BCB-3EE2-459B-93E0-59C36AC393B8}
		{CA7561E6-28A3-4450-A297-BBE8272D1446} = {99138BCB-3EE2-459B-93E0-59C36AC393B8}
		{91FDA24A-D5DB-49E0-97A1-0C54A5F1D7FD} = {99138BCB-3EE2-459B-93E0-59C36AC393B8}
		{40A870B8-9178-4CAB-9AD0-039FBB39A072} = {99138BCB-3EE2-459B-93E0-59C36AC393B8}
		{6E9AB0AE-EADC-4C6B-BFE3-404E1F0BAF3E} = {99138BCB-3EE2-459B-93E0-59C36AC393B8}
		{619910D1-5409-4798-A643-03FD8270E01C} = {8AE7B7F8-E052-46E3-8F9C-62458A76B37E}
		{DD8723A1-4809-46E1-8913-990D23826C9B} = {8AE7B7F8-E052-46E3-8F9C-62458A76B37E}
		{8BB95A29-59FF-4C4B-ADC8-3C338F18E86C} = {8AE7B7F8-E052-46E3-8F9C-62458A76B37E}
	EndGlobalSection
	GlobalSection(ExtensibilityGlobals) = postSolution
		SolutionGuid = {54303CBE-99DC-4626-B8CC-665ADEDF2900}
	EndGlobalSection
EndGlobal
