
Microsoft Visual Studio Solution File, Format Version 12.00
# Visual Studio Version 17
VisualStudioVersion = 17.3.32922.545
MinimumVisualStudioVersion = 10.0.40219.1
Project("{FAE04EC0-301F-11D3-BF4B-00C04F79EFBC}") = "WorkFlowManager.Common", "WorkFlowManager.Common\WorkFlowManager.Common.csproj", "{619910D1-5409-4798-A643-03FD8270E01C}"
EndProject
Project("{FAE04EC0-301F-11D3-BF4B-00C04F79EFBC}") = "WorkFlowManager.Services", "WorkFlowManager.Services\WorkFlowManager.Services.csproj", "{40A870B8-9178-4CAB-9AD0-039FBB39A072}"
EndProject
Project("{FAE04EC0-301F-11D3-BF4B-00C04F79EFBC}") = "WorkFlowManager.Web", "WorkFlowManager.Web\WorkFlowManager.Web.csproj", "{6E9AB0AE-EADC-4C6B-BFE3-404E1F0BAF3E}"
EndProject
Project("{FAE04EC0-301F-11D3-BF4B-00C04F79EFBC}") = "WorkFlowEngine.Core", "WorkFlowEngine.Core\WorkFlowEngine.Core.csproj", "{B6A7C5C3-B24E-48A5-A9C6-8CE66F0A17A8}"
EndProject
Project("{FAE04EC0-301F-11D3-BF4B-00C04F79EFBC}") = "WorkflowManager.Common.EF6", "WorkflowManager.Common.EF6\WorkflowManager.Common.EF6.csproj", "{CA7561E6-28A3-4450-A297-BBE8272D1446}"
EndProject
Project("{FAE04EC0-301F-11D3-BF4B-00C04F79EFBC}") = "ClassLibrary1", "ClassLibrary1\ClassLibrary1.csproj", "{8B386C62-3F08-433A-8A64-90636A00039A}"
EndProject
Project("{FAE04EC0-301F-11D3-BF4B-00C04F79EFBC}") = "WorkflowManager.Common.Dto", "WorkflowManager.Common.Dto\WorkflowManager.Common.Dto.csproj", "{BD0CEC4E-2CAC-466E-AD3E-7B200ACC13A0}"
EndProject
Project("{FAE04EC0-301F-11D3-BF4B-00C04F79EFBC}") = "WorkflowManager.Services.Abstract", "WorkflowManager.Services.Abstract\WorkflowManager.Services.Abstract.csproj", "{91FDA24A-D5DB-49E0-97A1-0C54A5F1D7FD}"
EndProject
Global
	GlobalSection(SolutionConfigurationPlatforms) = preSolution
		Debug|Any CPU = Debug|Any CPU
		Release|Any CPU = Release|Any CPU
	EndGlobalSection
	GlobalSection(ProjectConfigurationPlatforms) = postSolution
		{619910D1-5409-4798-A643-03FD8270E01C}.Debug|Any CPU.ActiveCfg = Debug|Any CPU
		{619910D1-5409-4798-A643-03FD8270E01C}.Debug|Any CPU.Build.0 = Debug|Any CPU
		{619910D1-5409-4798-A643-03FD8270E01C}.Release|Any CPU.ActiveCfg = Release|Any CPU
		{619910D1-5409-4798-A643-03FD8270E01C}.Release|Any CPU.Build.0 = Release|Any CPU
		{40A870B8-9178-4CAB-9AD0-039FBB39A072}.Debug|Any CPU.ActiveCfg = Debug|Any CPU
		{40A870B8-9178-4CAB-9AD0-039FBB39A072}.Debug|Any CPU.Build.0 = Debug|Any CPU
		{40A870B8-9178-4CAB-9AD0-039FBB39A072}.Release|Any CPU.ActiveCfg = Release|Any CPU
		{40A870B8-9178-4CAB-9AD0-039FBB39A072}.Release|Any CPU.Build.0 = Release|Any CPU
		{6E9AB0AE-EADC-4C6B-BFE3-404E1F0BAF3E}.Debug|Any CPU.ActiveCfg = Debug|Any CPU
		{6E9AB0AE-EADC-4C6B-BFE3-404E1F0BAF3E}.Debug|Any CPU.Build.0 = Debug|Any CPU
		{6E9AB0AE-EADC-4C6B-BFE3-404E1F0BAF3E}.Release|Any CPU.ActiveCfg = Release|Any CPU
		{6E9AB0AE-EADC-4C6B-BFE3-404E1F0BAF3E}.Release|Any CPU.Build.0 = Release|Any CPU
		{B6A7C5C3-B24E-48A5-A9C6-8CE66F0A17A8}.Debug|Any CPU.ActiveCfg = Debug|Any CPU
		{B6A7C5C3-B24E-48A5-A9C6-8CE66F0A17A8}.Debug|Any CPU.Build.0 = Debug|Any CPU
		{B6A7C5C3-B24E-48A5-A9C6-8CE66F0A17A8}.Release|Any CPU.ActiveCfg = Release|Any CPU
		{B6A7C5C3-B24E-48A5-A9C6-8CE66F0A17A8}.Release|Any CPU.Build.0 = Release|Any CPU
		{CA7561E6-28A3-4450-A297-BBE8272D1446}.Debug|Any CPU.ActiveCfg = Debug|Any CPU
		{CA7561E6-28A3-4450-A297-BBE8272D1446}.Debug|Any CPU.Build.0 = Debug|Any CPU
		{CA7561E6-28A3-4450-A297-BBE8272D1446}.Release|Any CPU.ActiveCfg = Release|Any CPU
		{CA7561E6-28A3-4450-A297-BBE8272D1446}.Release|Any CPU.Build.0 = Release|Any CPU
		{8B386C62-3F08-433A-8A64-90636A00039A}.Debug|Any CPU.ActiveCfg = Debug|Any CPU
		{8B386C62-3F08-433A-8A64-90636A00039A}.Debug|Any CPU.Build.0 = Debug|Any CPU
		{8B386C62-3F08-433A-8A64-90636A00039A}.Release|Any CPU.ActiveCfg = Release|Any CPU
		{8B386C62-3F08-433A-8A64-90636A00039A}.Release|Any CPU.Build.0 = Release|Any CPU
		{BD0CEC4E-2CAC-466E-AD3E-7B200ACC13A0}.Debug|Any CPU.ActiveCfg = Debug|Any CPU
		{BD0CEC4E-2CAC-466E-AD3E-7B200ACC13A0}.Debug|Any CPU.Build.0 = Debug|Any CPU
		{BD0CEC4E-2CAC-466E-AD3E-7B200ACC13A0}.Release|Any CPU.ActiveCfg = Release|Any CPU
		{BD0CEC4E-2CAC-466E-AD3E-7B200ACC13A0}.Release|Any CPU.Build.0 = Release|Any CPU
		{91FDA24A-D5DB-49E0-97A1-0C54A5F1D7FD}.Debug|Any CPU.ActiveCfg = Debug|Any CPU
		{91FDA24A-D5DB-49E0-97A1-0C54A5F1D7FD}.Debug|Any CPU.Build.0 = Debug|Any CPU
		{91FDA24A-D5DB-49E0-97A1-0C54A5F1D7FD}.Release|Any CPU.ActiveCfg = Release|Any CPU
		{91FDA24A-D5DB-49E0-97A1-0C54A5F1D7FD}.Release|Any CPU.Build.0 = Release|Any CPU
	EndGlobalSection
	GlobalSection(SolutionProperties) = preSolution
		HideSolutionNode = FALSE
	EndGlobalSection
	GlobalSection(ExtensibilityGlobals) = postSolution
		SolutionGuid = {54303CBE-99DC-4626-B8CC-665ADEDF2900}
	EndGlobalSection
EndGlobal
