
Microsoft Visual Studio Solution File, Format Version 12.00
# Visual Studio Version 17
VisualStudioVersion = 17.3.32922.545
MinimumVisualStudioVersion = 10.0.40219.1
Project("{FAE04EC0-301F-11D3-BF4B-00C04F79EFBC}") = "WorkFlowManager.Common", "WorkFlowManager.Common\WorkFlowManager.Common.csproj", "{619910D1-5409-4798-A643-03FD8270E01C}"
EndProject
Project("{FAE04EC0-301F-11D3-BF4B-00C04F79EFBC}") = "WorkFlowManager.Services", "WorkFlowManager.Services\WorkFlowManager.Services.csproj", "{40A870B8-9178-4CAB-9AD0-039FBB39A072}"
EndProject
Project("{FAE04EC0-301F-11D3-BF4B-00C04F79EFBC}") = "WorkFlowManager.Web", "WorkFlowManager.Web\WorkFlowManager.Web.csproj", "{6E9AB0AE-EADC-4C6B-BFE3-404E1F0BAF3E}"
EndProject
Project("{FAE04EC0-301F-11D3-BF4B-00C04F79EFBC}") = "WorkflowManager.Common.EF6", "WorkflowManager.Common.EF6\WorkflowManager.Common.EF6.csproj", "{CA7561E6-28A3-4450-A297-BBE8272D1446}"
EndProject
Project("{FAE04EC0-301F-11D3-BF4B-00C04F79EFBC}") = "WorkflowManager.Common.Dto", "WorkflowManager.Common.Dto\WorkflowManager.Common.Dto.csproj", "{BD0CEC4E-2CAC-466E-AD3E-7B200ACC13A0}"
EndProject
Project("{FAE04EC0-301F-11D3-BF4B-00C04F79EFBC}") = "WorkflowManager.Services.Abstract", "WorkflowManager.Services.Abstract\WorkflowManager.Services.Abstract.csproj", "{91FDA24A-D5DB-49E0-97A1-0C54A5F1D7FD}"
EndProject
Project("{FAE04EC0-301F-11D3-BF4B-00C04F79EFBC}") = "WorkflowManager.Common.DAO", "WorkflowManager.Common.DAO\WorkflowManager.Common.DAO.csproj", "{B3CDB2C8-7AB7-4092-8E48-3D7EF5937CAB}"
EndProject
Project("{9A19103F-16F7-4668-BE54-9A1E7A4F7556}") = "WFE.Core.Migration", "WFE.Core.Migration\WFE.Core.Migration.csproj", "{F03659C5-7742-4A2B-89F5-A9063F6FF806}"
EndProject
Project("{9A19103F-16F7-4668-BE54-9A1E7A4F7556}") = "WFE.Core.Services.Abstract", "WFE.Core.Services.Abstract\WFE.Core.Services.Abstract.csproj", "{9A117659-195D-4ECF-9341-CD91392E0D8C}"
EndProject
Project("{9A19103F-16F7-4668-BE54-9A1E7A4F7556}") = "WFE.Core.Services", "WFE.Core.Services\WFE.Core.Services.csproj", "{B438D72A-EE2D-4AEC-AA9F-AA41FDE1A9F4}"
EndProject
Project("{9A19103F-16F7-4668-BE54-9A1E7A4F7556}") = "WFE.Core.Web", "WFE.Core.Web\WFE.Core.Web.csproj", "{04B80AD2-0B06-41D4-9E8C-922EF9F79888}"
EndProject
Project("{9A19103F-16F7-4668-BE54-9A1E7A4F7556}") = "WFE.Core.DAO", "WFE.Core.DAO\WFE.Core.DAO.csproj", "{9B91A4CB-AF76-45A8-AE0C-23245D65017B}"
EndProject
Project("{9A19103F-16F7-4668-BE54-9A1E7A4F7556}") = "WFE.Core.DTO", "WFE.Core.DTO\WFE.Core.DTO.csproj", "{2A2BB8B8-CDDC-485A-A3E1-996FC5D8E480}"
EndProject
Project("{FAE04EC0-301F-11D3-BF4B-00C04F79EFBC}") = "WFE.Core.Migration.EFCore", "WFE.Core.Migration.EFCore\WFE.Core.Migration.EFCore.csproj", "{7B4305C6-E818-44D2-A758-6E4591D09519}"
EndProject
Project("{2150E333-8FDC-42A3-9474-1A3956D46DE8}") = "Orj", "Orj", "{8AE7B7F8-E052-46E3-8F9C-62458A76B37E}"
EndProject
Project("{2150E333-8FDC-42A3-9474-1A3956D46DE8}") = "Net7", "Net7", "{BF526604-3FCC-4DA9-AE4C-7B154D7C6C18}"
EndProject
Project("{2150E333-8FDC-42A3-9474-1A3956D46DE8}") = "NetMvc", "NetMvc", "{99138BCB-3EE2-459B-93E0-59C36AC393B8}"
EndProject
Global
	GlobalSection(SolutionConfigurationPlatforms) = preSolution
		Debug|Any CPU = Debug|Any CPU
		Release|Any CPU = Release|Any CPU
	EndGlobalSection
	GlobalSection(ProjectConfigurationPlatforms) = postSolution
		{619910D1-5409-4798-A643-03FD8270E01C}.Debug|Any CPU.ActiveCfg = Debug|Any CPU
		{619910D1-5409-4798-A643-03FD8270E01C}.Debug|Any CPU.Build.0 = Debug|Any CPU
		{619910D1-5409-4798-A643-03FD8270E01C}.Release|Any CPU.ActiveCfg = Release|Any CPU
		{619910D1-5409-4798-A643-03FD8270E01C}.Release|Any CPU.Build.0 = Release|Any CPU
		{40A870B8-9178-4CAB-9AD0-039FBB39A072}.Debug|Any CPU.ActiveCfg = Debug|Any CPU
		{40A870B8-9178-4CAB-9AD0-039FBB39A072}.Debug|Any CPU.Build.0 = Debug|Any CPU
		{40A870B8-9178-4CAB-9AD0-039FBB39A072}.Release|Any CPU.ActiveCfg = Release|Any CPU
		{40A870B8-9178-4CAB-9AD0-039FBB39A072}.Release|Any CPU.Build.0 = Release|Any CPU
		{6E9AB0AE-EADC-4C6B-BFE3-404E1F0BAF3E}.Debug|Any CPU.ActiveCfg = Debug|Any CPU
		{6E9AB0AE-EADC-4C6B-BFE3-404E1F0BAF3E}.Debug|Any CPU.Build.0 = Debug|Any CPU
		{6E9AB0AE-EADC-4C6B-BFE3-404E1F0BAF3E}.Release|Any CPU.ActiveCfg = Release|Any CPU
		{6E9AB0AE-EADC-4C6B-BFE3-404E1F0BAF3E}.Release|Any CPU.Build.0 = Release|Any CPU
		{CA7561E6-28A3-4450-A297-BBE8272D1446}.Debug|Any CPU.ActiveCfg = Debug|Any CPU
		{CA7561E6-28A3-4450-A297-BBE8272D1446}.Debug|Any CPU.Build.0 = Debug|Any CPU
		{CA7561E6-28A3-4450-A297-BBE8272D1446}.Release|Any CPU.ActiveCfg = Release|Any CPU
		{CA7561E6-28A3-4450-A297-BBE8272D1446}.Release|Any CPU.Build.0 = Release|Any CPU
		{BD0CEC4E-2CAC-466E-AD3E-7B200ACC13A0}.Debug|Any CPU.ActiveCfg = Debug|Any CPU
		{BD0CEC4E-2CAC-466E-AD3E-7B200ACC13A0}.Debug|Any CPU.Build.0 = Debug|Any CPU
		{BD0CEC4E-2CAC-466E-AD3E-7B200ACC13A0}.Release|Any CPU.ActiveCfg = Release|Any CPU
		{BD0CEC4E-2CAC-466E-AD3E-7B200ACC13A0}.Release|Any CPU.Build.0 = Release|Any CPU
		{91FDA24A-D5DB-49E0-97A1-0C54A5F1D7FD}.Debug|Any CPU.ActiveCfg = Debug|Any CPU
		{91FDA24A-D5DB-49E0-97A1-0C54A5F1D7FD}.Debug|Any CPU.Build.0 = Debug|Any CPU
		{91FDA24A-D5DB-49E0-97A1-0C54A5F1D7FD}.Release|Any CPU.ActiveCfg = Release|Any CPU
		{91FDA24A-D5DB-49E0-97A1-0C54A5F1D7FD}.Release|Any CPU.Build.0 = Release|Any CPU
		{B3CDB2C8-7AB7-4092-8E48-3D7EF5937CAB}.Debug|Any CPU.ActiveCfg = Debug|Any CPU
		{B3CDB2C8-7AB7-4092-8E48-3D7EF5937CAB}.Debug|Any CPU.Build.0 = Debug|Any CPU
		{B3CDB2C8-7AB7-4092-8E48-3D7EF5937CAB}.Release|Any CPU.ActiveCfg = Release|Any CPU
		{B3CDB2C8-7AB7-4092-8E48-3D7EF5937CAB}.Release|Any CPU.Build.0 = Release|Any CPU
		{F03659C5-7742-4A2B-89F5-A9063F6FF806}.Debug|Any CPU.ActiveCfg = Debug|Any CPU
		{F03659C5-7742-4A2B-89F5-A9063F6FF806}.Debug|Any CPU.Build.0 = Debug|Any CPU
		{F03659C5-7742-4A2B-89F5-A9063F6FF806}.Release|Any CPU.ActiveCfg = Release|Any CPU
		{F03659C5-7742-4A2B-89F5-A9063F6FF806}.Release|Any CPU.Build.0 = Release|Any CPU
		{9A117659-195D-4ECF-9341-CD91392E0D8C}.Debug|Any CPU.ActiveCfg = Debug|Any CPU
		{9A117659-195D-4ECF-9341-CD91392E0D8C}.Debug|Any CPU.Build.0 = Debug|Any CPU
		{9A117659-195D-4ECF-9341-CD91392E0D8C}.Release|Any CPU.ActiveCfg = Release|Any CPU
		{9A117659-195D-4ECF-9341-CD91392E0D8C}.Release|Any CPU.Build.0 = Release|Any CPU
		{B438D72A-EE2D-4AEC-AA9F-AA41FDE1A9F4}.Debug|Any CPU.ActiveCfg = Debug|Any CPU
		{B438D72A-EE2D-4AEC-AA9F-AA41FDE1A9F4}.Debug|Any CPU.Build.0 = Debug|Any CPU
		{B438D72A-EE2D-4AEC-AA9F-AA41FDE1A9F4}.Release|Any CPU.ActiveCfg = Release|Any CPU
		{B438D72A-EE2D-4AEC-AA9F-AA41FDE1A9F4}.Release|Any CPU.Build.0 = Release|Any CPU
		{04B80AD2-0B06-41D4-9E8C-922EF9F79888}.Debug|Any CPU.ActiveCfg = Debug|Any CPU
		{04B80AD2-0B06-41D4-9E8C-922EF9F79888}.Debug|Any CPU.Build.0 = Debug|Any CPU
		{04B80AD2-0B06-41D4-9E8C-922EF9F79888}.Release|Any CPU.ActiveCfg = Release|Any CPU
		{04B80AD2-0B06-41D4-9E8C-922EF9F79888}.Release|Any CPU.Build.0 = Release|Any CPU
		{9B91A4CB-AF76-45A8-AE0C-23245D65017B}.Debug|Any CPU.ActiveCfg = Debug|Any CPU
		{9B91A4CB-AF76-45A8-AE0C-23245D65017B}.Debug|Any CPU.Build.0 = Debug|Any CPU
		{9B91A4CB-AF76-45A8-AE0C-23245D65017B}.Release|Any CPU.ActiveCfg = Release|Any CPU
		{9B91A4CB-AF76-45A8-AE0C-23245D65017B}.Release|Any CPU.Build.0 = Release|Any CPU
		{2A2BB8B8-CDDC-485A-A3E1-996FC5D8E480}.Debug|Any CPU.ActiveCfg = Debug|Any CPU
		{2A2BB8B8-CDDC-485A-A3E1-996FC5D8E480}.Debug|Any CPU.Build.0 = Debug|Any CPU
		{2A2BB8B8-CDDC-485A-A3E1-996FC5D8E480}.Release|Any CPU.ActiveCfg = Release|Any CPU
		{2A2BB8B8-CDDC-485A-A3E1-996FC5D8E480}.Release|Any CPU.Build.0 = Release|Any CPU
		{7B4305C6-E818-44D2-A758-6E4591D09519}.Debug|Any CPU.ActiveCfg = Debug|Any CPU
		{7B4305C6-E818-44D2-A758-6E4591D09519}.Debug|Any CPU.Build.0 = Debug|Any CPU
		{7B4305C6-E818-44D2-A758-6E4591D09519}.Release|Any CPU.ActiveCfg = Release|Any CPU
		{7B4305C6-E818-44D2-A758-6E4591D09519}.Release|Any CPU.Build.0 = Release|Any CPU
	EndGlobalSection
	GlobalSection(SolutionProperties) = preSolution
		HideSolutionNode = FALSE
	EndGlobalSection
	GlobalSection(ExtensibilityGlobals) = postSolution
		SolutionGuid = {54303CBE-99DC-4626-B8CC-665ADEDF2900}
	EndGlobalSection
EndGlobal
